
Microsoft Visual Studio Solution File, Format Version 12.00
# Visual Studio 14
VisualStudioVersion = 14.0.25420.1
MinimumVisualStudioVersion = 10.0.40219.1
Project("{FAE04EC0-301F-11D3-BF4B-00C04F79EFBC}") = "Studio", "Studio\Studio.csproj", "{1B4223C7-B694-4392-BED6-99B9604E3378}"
EndProject
Project("{FAE04EC0-301F-11D3-BF4B-00C04F79EFBC}") = "Producer", "Producer\Producer.csproj", "{FC2CC705-CF80-4810-AB9E-AF38FD9D6362}"
EndProject
Global
	GlobalSection(SolutionConfigurationPlatforms) = preSolution
		Debug|Any CPU = Debug|Any CPU
		Release|Any CPU = Release|Any CPU
	EndGlobalSection
	GlobalSection(ProjectConfigurationPlatforms) = postSolution
		{1B4223C7-B694-4392-BED6-99B9604E3378}.Debug|Any CPU.ActiveCfg = Debug|Any CPU
		{1B4223C7-B694-4392-BED6-99B9604E3378}.Debug|Any CPU.Build.0 = Debug|Any CPU
		{1B4223C7-B694-4392-BED6-99B9604E3378}.Release|Any CPU.ActiveCfg = Release|Any CPU
		{1B4223C7-B694-4392-BED6-99B9604E3378}.Release|Any CPU.Build.0 = Release|Any CPU
		{FC2CC705-CF80-4810-AB9E-AF38FD9D6362}.Debug|Any CPU.ActiveCfg = Debug|Any CPU
		{FC2CC705-CF80-4810-AB9E-AF38FD9D6362}.Debug|Any CPU.Build.0 = Debug|Any CPU
		{FC2CC705-CF80-4810-AB9E-AF38FD9D6362}.Release|Any CPU.ActiveCfg = Release|Any CPU
		{FC2CC705-CF80-4810-AB9E-AF38FD9D6362}.Release|Any CPU.Build.0 = Release|Any CPU
	EndGlobalSection
	GlobalSection(SolutionProperties) = preSolution
		HideSolutionNode = FALSE
	EndGlobalSection
EndGlobal
